<?xml version="1.0" encoding="utf-8"?>
<Project ToolsVersion="4.0" xmlns="http://schemas.microsoft.com/developer/msbuild/2003">
  <ItemGroup>
    <Filter Include="Source Files">
      <UniqueIdentifier>{4FC737F1-C7A5-4376-A066-2A32D752A2FF}</UniqueIdentifier>
      <Extensions>cpp;c;cxx;def;odl;idl;hpj;bat;asm;asmx</Extensions>
    </Filter>
    <Filter Include="Header Files">
      <UniqueIdentifier>{93995380-89BD-4b04-88EB-625FBE52EBFB}</UniqueIdentifier>
      <Extensions>h;hpp;hxx;hm;inl;inc;xsd</Extensions>
    </Filter>
  </ItemGroup>
  <ItemGroup>
    <ClCompile Include="dasum.c">
      <Filter>Source Files</Filter>
    </ClCompile>
    <ClCompile Include="daxpy.c">
      <Filter>Source Files</Filter>
    </ClCompile>
    <ClCompile Include="dcopy.c">
      <Filter>Source Files</Filter>
    </ClCompile>
    <ClCompile Include="ddot.c">
      <Filter>Source Files</Filter>
    </ClCompile>
    <ClCompile Include="dgbmv.c">
      <Filter>Source Files</Filter>
    </ClCompile>
    <ClCompile Include="dgemm.c">
      <Filter>Source Files</Filter>
    </ClCompile>
    <ClCompile Include="dgemv.c">
      <Filter>Source Files</Filter>
    </ClCompile>
    <ClCompile Include="dger.c">
      <Filter>Source Files</Filter>
    </ClCompile>
    <ClCompile Include="dnrm2.c">
      <Filter>Source Files</Filter>
    </ClCompile>
    <ClCompile Include="drot.c">
      <Filter>Source Files</Filter>
    </ClCompile>
    <ClCompile Include="drotg.c">
      <Filter>Source Files</Filter>
    </ClCompile>
    <ClCompile Include="drotm.c">
      <Filter>Source Files</Filter>
    </ClCompile>
    <ClCompile Include="drotmg.c">
      <Filter>Source Files</Filter>
    </ClCompile>
    <ClCompile Include="dsbmv.c">
      <Filter>Source Files</Filter>
    </ClCompile>
    <ClCompile Include="dscal.c">
      <Filter>Source Files</Filter>
    </ClCompile>
    <ClCompile Include="dsdot.c">
      <Filter>Source Files</Filter>
    </ClCompile>
    <ClCompile Include="dspmv.c">
      <Filter>Source Files</Filter>
    </ClCompile>
    <ClCompile Include="dspr.c">
      <Filter>Source Files</Filter>
    </ClCompile>
    <ClCompile Include="dspr2.c">
      <Filter>Source Files</Filter>
    </ClCompile>
    <ClCompile Include="dswap.c">
      <Filter>Source Files</Filter>
    </ClCompile>
    <ClCompile Include="dsymm.c">
      <Filter>Source Files</Filter>
    </ClCompile>
    <ClCompile Include="dsymv.c">
      <Filter>Source Files</Filter>
    </ClCompile>
    <ClCompile Include="dsyr.c">
      <Filter>Source Files</Filter>
    </ClCompile>
    <ClCompile Include="dsyr2.c">
      <Filter>Source Files</Filter>
    </ClCompile>
    <ClCompile Include="dsyr2k.c">
      <Filter>Source Files</Filter>
    </ClCompile>
    <ClCompile Include="dsyrk.c">
      <Filter>Source Files</Filter>
    </ClCompile>
    <ClCompile Include="dtbmv.c">
      <Filter>Source Files</Filter>
    </ClCompile>
    <ClCompile Include="dtbsv.c">
      <Filter>Source Files</Filter>
    </ClCompile>
    <ClCompile Include="dtpmv.c">
      <Filter>Source Files</Filter>
    </ClCompile>
    <ClCompile Include="dtpsv.c">
      <Filter>Source Files</Filter>
    </ClCompile>
    <ClCompile Include="dtrmm.c">
      <Filter>Source Files</Filter>
    </ClCompile>
    <ClCompile Include="dtrmv.c">
      <Filter>Source Files</Filter>
    </ClCompile>
    <ClCompile Include="dtrsm.c">
      <Filter>Source Files</Filter>
    </ClCompile>
    <ClCompile Include="dtrsv.c">
      <Filter>Source Files</Filter>
    </ClCompile>
    <ClCompile Include="idamax.c">
      <Filter>Source Files</Filter>
    </ClCompile>
    <ClCompile Include="lsame.c">
      <Filter>Source Files</Filter>
    </ClCompile>
    <ClCompile Include="xerbla.c">
      <Filter>Source Files</Filter>
    </ClCompile>
  </ItemGroup>
</Project>