<?xml version="1.0" encoding="utf-8"?>
<Project ToolsVersion="4.0" xmlns="http://schemas.microsoft.com/developer/msbuild/2003">
  <ItemGroup>
    <Filter Include="Source Files">
      <UniqueIdentifier>{4FC737F1-C7A5-4376-A066-2A32D752A2FF}</UniqueIdentifier>
      <Extensions>cpp;c;cxx;def;odl;idl;hpj;bat;asm;asmx</Extensions>
    </Filter>
    <Filter Include="Source Files\Algorithm">
      <UniqueIdentifier>{ee08ff92-a214-4110-9bc2-b48323fefdf9}</UniqueIdentifier>
    </Filter>
    <Filter Include="Source Files\LinAlg">
      <UniqueIdentifier>{dbce5996-3801-476a-960b-f0c5be7b5798}</UniqueIdentifier>
    </Filter>
    <Filter Include="Source Files\Common">
      <UniqueIdentifier>{073ea03b-82f0-46df-8074-caed5d8e967a}</UniqueIdentifier>
    </Filter>
    <Filter Include="Source Files\Interfaces">
      <UniqueIdentifier>{3912c6ba-7611-425f-b303-f44200c1268c}</UniqueIdentifier>
    </Filter>
    <Filter Include="Source Files\CGPenalty">
      <UniqueIdentifier>{4001888f-c82f-43f6-aaca-23c89fa97bca}</UniqueIdentifier>
    </Filter>
    <Filter Include="Header Files">
      <UniqueIdentifier>{93995380-89BD-4b04-88EB-625FBE52EBFB}</UniqueIdentifier>
      <Extensions>h;hpp;hxx;hm;inl;inc;xsd</Extensions>
    </Filter>
  </ItemGroup>
  <ItemGroup>
    <ClCompile Include="..\..\..\src\Algorithm\IpAdaptiveMuUpdate.cpp">
      <Filter>Source Files\Algorithm</Filter>
    </ClCompile>
    <ClCompile Include="..\..\..\src\Algorithm\IpAlgBuilder.cpp">
      <Filter>Source Files\Algorithm</Filter>
    </ClCompile>
    <ClCompile Include="..\..\..\src\Algorithm\IpAlgorithmRegOp.cpp">
      <Filter>Source Files\Algorithm</Filter>
    </ClCompile>
    <ClCompile Include="..\..\..\src\Algorithm\IpAugRestoSystemSolver.cpp">
      <Filter>Source Files\Algorithm</Filter>
    </ClCompile>
    <ClCompile Include="..\..\..\src\Algorithm\IpBacktrackingLineSearch.cpp">
      <Filter>Source Files\Algorithm</Filter>
    </ClCompile>
    <ClCompile Include="..\..\..\src\Algorithm\IpDefaultIterateInitializer.cpp">
      <Filter>Source Files\Algorithm</Filter>
    </ClCompile>
    <ClCompile Include="..\..\..\src\Algorithm\IpEquilibrationScaling.cpp">
      <Filter>Source Files\Algorithm</Filter>
    </ClCompile>
    <ClCompile Include="..\..\..\src\Algorithm\IpExactHessianUpdater.cpp">
      <Filter>Source Files\Algorithm</Filter>
    </ClCompile>
    <ClCompile Include="..\..\..\src\Algorithm\IpFilter.cpp">
      <Filter>Source Files\Algorithm</Filter>
    </ClCompile>
    <ClCompile Include="..\..\..\src\Algorithm\IpFilterLSAcceptor.cpp">
      <Filter>Source Files\Algorithm</Filter>
    </ClCompile>
    <ClCompile Include="..\..\..\src\Algorithm\IpGradientScaling.cpp">
      <Filter>Source Files\Algorithm</Filter>
    </ClCompile>
    <ClCompile Include="..\..\..\src\Algorithm\IpIpoptAlg.cpp">
      <Filter>Source Files\Algorithm</Filter>
    </ClCompile>
    <ClCompile Include="..\..\..\src\Algorithm\IpIpoptCalculatedQuantities.cpp">
      <Filter>Source Files\Algorithm</Filter>
    </ClCompile>
    <ClCompile Include="..\..\..\src\Algorithm\IpIpoptData.cpp">
      <Filter>Source Files\Algorithm</Filter>
    </ClCompile>
    <ClCompile Include="..\..\..\src\Algorithm\IpIteratesVector.cpp">
      <Filter>Source Files\Algorithm</Filter>
    </ClCompile>
    <ClCompile Include="..\..\..\src\Algorithm\IpLeastSquareMults.cpp">
      <Filter>Source Files\Algorithm</Filter>
    </ClCompile>
    <ClCompile Include="..\..\..\src\Algorithm\IpLimMemQuasiNewtonUpdater.cpp">
      <Filter>Source Files\Algorithm</Filter>
    </ClCompile>
    <ClCompile Include="..\..\..\src\Algorithm\LinearSolvers\IpLinearSolversRegOp.cpp">
      <Filter>Source Files\Algorithm</Filter>
    </ClCompile>
    <ClCompile Include="..\..\..\src\Algorithm\IpLoqoMuOracle.cpp">
      <Filter>Source Files\Algorithm</Filter>
    </ClCompile>
    <ClCompile Include="..\..\..\src\Algorithm\IpLowRankAugSystemSolver.cpp">
      <Filter>Source Files\Algorithm</Filter>
    </ClCompile>
    <ClCompile Include="..\..\..\src\Algorithm\LinearSolvers\IpMa27TSolverInterface.cpp">
      <Filter>Source Files\Algorithm</Filter>
    </ClCompile>
    <ClCompile Include="..\..\..\src\Algorithm\LinearSolvers\IpMc19TSymScalingMethod.cpp">
      <Filter>Source Files\Algorithm</Filter>
    </ClCompile>
    <ClCompile Include="..\..\..\src\Algorithm\IpMonotoneMuUpdate.cpp">
      <Filter>Source Files\Algorithm</Filter>
    </ClCompile>
    <ClCompile Include="..\..\..\src\Algorithm\IpNLPScaling.cpp">
      <Filter>Source Files\Algorithm</Filter>
    </ClCompile>
    <ClCompile Include="..\..\..\src\Algorithm\IpOptErrorConvCheck.cpp">
      <Filter>Source Files\Algorithm</Filter>
    </ClCompile>
    <ClCompile Include="..\..\..\src\Algorithm\IpOrigIpoptNLP.cpp">
      <Filter>Source Files\Algorithm</Filter>
    </ClCompile>
    <ClCompile Include="..\..\..\src\Algorithm\IpOrigIterationOutput.cpp">
      <Filter>Source Files\Algorithm</Filter>
    </ClCompile>
    <ClCompile Include="..\..\..\src\Algorithm\IpPDFullSpaceSolver.cpp">
      <Filter>Source Files\Algorithm</Filter>
    </ClCompile>
    <ClCompile Include="..\..\..\src\Algorithm\IpPDPerturbationHandler.cpp">
      <Filter>Source Files\Algorithm</Filter>
    </ClCompile>
    <ClCompile Include="..\..\..\src\Algorithm\IpPDSearchDirCalc.cpp">
      <Filter>Source Files\Algorithm</Filter>
    </ClCompile>
    <ClCompile Include="..\..\..\src\Algorithm\IpPenaltyLSAcceptor.cpp">
      <Filter>Source Files\Algorithm</Filter>
    </ClCompile>
    <ClCompile Include="..\..\..\src\Algorithm\IpProbingMuOracle.cpp">
      <Filter>Source Files\Algorithm</Filter>
    </ClCompile>
    <ClCompile Include="..\..\..\src\Algorithm\IpQualityFunctionMuOracle.cpp">
      <Filter>Source Files\Algorithm</Filter>
    </ClCompile>
    <ClCompile Include="..\..\..\src\Algorithm\IpRestoConvCheck.cpp">
      <Filter>Source Files\Algorithm</Filter>
    </ClCompile>
    <ClCompile Include="..\..\..\src\Algorithm\IpRestoFilterConvCheck.cpp">
      <Filter>Source Files\Algorithm</Filter>
    </ClCompile>
    <ClCompile Include="..\..\..\src\Algorithm\IpRestoIpoptNLP.cpp">
      <Filter>Source Files\Algorithm</Filter>
    </ClCompile>
    <ClCompile Include="..\..\..\src\Algorithm\IpRestoIterateInitializer.cpp">
      <Filter>Source Files\Algorithm</Filter>
    </ClCompile>
    <ClCompile Include="..\..\..\src\Algorithm\IpRestoIterationOutput.cpp">
      <Filter>Source Files\Algorithm</Filter>
    </ClCompile>
    <ClCompile Include="..\..\..\src\Algorithm\IpRestoMinC_1Nrm.cpp">
      <Filter>Source Files\Algorithm</Filter>
    </ClCompile>
    <ClCompile Include="..\..\..\src\Algorithm\IpRestoPenaltyConvCheck.cpp">
      <Filter>Source Files\Algorithm</Filter>
    </ClCompile>
    <ClCompile Include="..\..\..\src\Algorithm\IpRestoRestoPhase.cpp">
      <Filter>Source Files\Algorithm</Filter>
    </ClCompile>
    <ClCompile Include="..\..\..\src\Algorithm\IpStdAugSystemSolver.cpp">
      <Filter>Source Files\Algorithm</Filter>
    </ClCompile>
    <ClCompile Include="..\..\..\src\Algorithm\IpTimingStatistics.cpp">
      <Filter>Source Files\Algorithm</Filter>
    </ClCompile>
    <ClCompile Include="..\..\..\src\Algorithm\LinearSolvers\IpTripletToCSRConverter.cpp">
      <Filter>Source Files\Algorithm</Filter>
    </ClCompile>
    <ClCompile Include="..\..\..\src\Algorithm\LinearSolvers\IpTSymLinearSolver.cpp">
      <Filter>Source Files\Algorithm</Filter>
    </ClCompile>
    <ClCompile Include="..\..\..\src\Algorithm\IpUserScaling.cpp">
      <Filter>Source Files\Algorithm</Filter>
    </ClCompile>
    <ClCompile Include="..\..\..\src\Algorithm\IpWarmStartIterateInitializer.cpp">
      <Filter>Source Files\Algorithm</Filter>
    </ClCompile>
    <ClCompile Include="..\..\..\src\LinAlg\IpBlas.cpp">
      <Filter>Source Files\LinAlg</Filter>
    </ClCompile>
    <ClCompile Include="..\..\..\src\LinAlg\IpCompoundMatrix.cpp">
      <Filter>Source Files\LinAlg</Filter>
    </ClCompile>
    <ClCompile Include="..\..\..\src\LinAlg\IpCompoundSymMatrix.cpp">
      <Filter>Source Files\LinAlg</Filter>
    </ClCompile>
    <ClCompile Include="..\..\..\src\LinAlg\IpCompoundVector.cpp">
      <Filter>Source Files\LinAlg</Filter>
    </ClCompile>
    <ClCompile Include="..\..\..\src\LinAlg\IpDenseGenMatrix.cpp">
      <Filter>Source Files\LinAlg</Filter>
    </ClCompile>
    <ClCompile Include="..\..\..\src\LinAlg\IpDenseSymMatrix.cpp">
      <Filter>Source Files\LinAlg</Filter>
    </ClCompile>
    <ClCompile Include="..\..\..\src\LinAlg\IpDenseVector.cpp">
      <Filter>Source Files\LinAlg</Filter>
    </ClCompile>
    <ClCompile Include="..\..\..\src\LinAlg\IpDiagMatrix.cpp">
      <Filter>Source Files\LinAlg</Filter>
    </ClCompile>
    <ClCompile Include="..\..\..\src\LinAlg\IpExpansionMatrix.cpp">
      <Filter>Source Files\LinAlg</Filter>
    </ClCompile>
    <ClCompile Include="..\..\..\src\LinAlg\TMatrices\IpGenTMatrix.cpp">
      <Filter>Source Files\LinAlg</Filter>
    </ClCompile>
    <ClCompile Include="..\..\..\src\LinAlg\IpIdentityMatrix.cpp">
      <Filter>Source Files\LinAlg</Filter>
    </ClCompile>
    <ClCompile Include="..\..\..\src\LinAlg\IpLapack.cpp">
      <Filter>Source Files\LinAlg</Filter>
    </ClCompile>
    <ClCompile Include="..\..\..\src\LinAlg\IpLowRankUpdateSymMatrix.cpp">
      <Filter>Source Files\LinAlg</Filter>
    </ClCompile>
    <ClCompile Include="..\..\..\src\LinAlg\IpMatrix.cpp">
      <Filter>Source Files\LinAlg</Filter>
    </ClCompile>
    <ClCompile Include="..\..\..\src\LinAlg\IpMultiVectorMatrix.cpp">
      <Filter>Source Files\LinAlg</Filter>
    </ClCompile>
    <ClCompile Include="..\..\..\src\LinAlg\IpScaledMatrix.cpp">
      <Filter>Source Files\LinAlg</Filter>
    </ClCompile>
    <ClCompile Include="..\..\..\src\LinAlg\IpSumMatrix.cpp">
      <Filter>Source Files\LinAlg</Filter>
    </ClCompile>
    <ClCompile Include="..\..\..\src\LinAlg\IpSumSymMatrix.cpp">
      <Filter>Source Files\LinAlg</Filter>
    </ClCompile>
    <ClCompile Include="..\..\..\src\LinAlg\IpSymScaledMatrix.cpp">
      <Filter>Source Files\LinAlg</Filter>
    </ClCompile>
    <ClCompile Include="..\..\..\src\LinAlg\TMatrices\IpSymTMatrix.cpp">
      <Filter>Source Files\LinAlg</Filter>
    </ClCompile>
    <ClCompile Include="..\..\..\src\LinAlg\TMatrices\IpTripletHelper.cpp">
      <Filter>Source Files\LinAlg</Filter>
    </ClCompile>
    <ClCompile Include="..\..\..\src\LinAlg\IpVector.cpp">
      <Filter>Source Files\LinAlg</Filter>
    </ClCompile>
    <ClCompile Include="..\..\..\src\LinAlg\IpZeroMatrix.cpp">
      <Filter>Source Files\LinAlg</Filter>
    </ClCompile>
    <ClCompile Include="..\..\..\src\Common\IpDebug.cpp">
      <Filter>Source Files\Common</Filter>
    </ClCompile>
    <ClCompile Include="..\..\..\src\Common\IpJournalist.cpp">
      <Filter>Source Files\Common</Filter>
    </ClCompile>
    <ClCompile Include="..\..\..\src\Common\IpObserver.cpp">
      <Filter>Source Files\Common</Filter>
    </ClCompile>
    <ClCompile Include="..\..\..\src\Common\IpOptionsList.cpp">
      <Filter>Source Files\Common</Filter>
    </ClCompile>
    <ClCompile Include="..\..\..\src\Common\IpRegOptions.cpp">
      <Filter>Source Files\Common</Filter>
    </ClCompile>
    <ClCompile Include="..\..\..\src\Common\IpTaggedObject.cpp">
      <Filter>Source Files\Common</Filter>
    </ClCompile>
    <ClCompile Include="..\..\..\src\Common\IpUtils.cpp">
      <Filter>Source Files\Common</Filter>
    </ClCompile>
    <ClCompile Include="..\..\..\src\Interfaces\IpInterfacesRegOp.cpp">
      <Filter>Source Files\Interfaces</Filter>
    </ClCompile>
    <ClCompile Include="..\..\..\src\Interfaces\IpIpoptApplication.cpp">
      <Filter>Source Files\Interfaces</Filter>
    </ClCompile>
    <ClCompile Include="..\..\..\src\Interfaces\IpSolveStatistics.cpp">
      <Filter>Source Files\Interfaces</Filter>
    </ClCompile>
    <ClCompile Include="..\..\..\src\Interfaces\IpStdCInterface.cpp">
      <Filter>Source Files\Interfaces</Filter>
    </ClCompile>
    <ClCompile Include="..\..\..\src\Interfaces\IpStdFInterface.c">
      <Filter>Source Files\Interfaces</Filter>
    </ClCompile>
    <ClCompile Include="..\..\..\src\Interfaces\IpStdInterfaceTNLP.cpp">
      <Filter>Source Files\Interfaces</Filter>
    </ClCompile>
    <ClCompile Include="..\..\..\src\Interfaces\IpTNLPAdapter.cpp">
      <Filter>Source Files\Interfaces</Filter>
    </ClCompile>
    <ClCompile Include="..\..\..\src\contrib\CGPenalty\IpCGPenaltyCq.cpp">
      <Filter>Source Files\CGPenalty</Filter>
    </ClCompile>
    <ClCompile Include="..\..\..\src\contrib\CGPenalty\IpCGPenaltyData.cpp">
      <Filter>Source Files\CGPenalty</Filter>
    </ClCompile>
    <ClCompile Include="..\..\..\src\contrib\CGPenalty\IpCGPenaltyLSAcceptor.cpp">
      <Filter>Source Files\CGPenalty</Filter>
    </ClCompile>
    <ClCompile Include="..\..\..\src\contrib\CGPenalty\IpCGPenaltyRegOp.cpp">
      <Filter>Source Files\CGPenalty</Filter>
    </ClCompile>
    <ClCompile Include="..\..\..\src\contrib\CGPenalty\IpCGPerturbationHandler.cpp">
      <Filter>Source Files\CGPenalty</Filter>
    </ClCompile>
    <ClCompile Include="..\..\..\src\contrib\CGPenalty\IpCGSearchDirCalc.cpp">
      <Filter>Source Files\CGPenalty</Filter>
    </ClCompile>
    <ClCompile Include="..\..\..\src\contrib\CGPenalty\IpPiecewisePenalty.cpp">
      <Filter>Source Files\CGPenalty</Filter>
    </ClCompile>
  </ItemGroup>
  <ItemGroup>
    <ClInclude Include="..\..\..\src\Algorithm\IpExactHessianUpdater.hpp">
      <Filter>Source Files\Algorithm</Filter>
    </ClInclude>
    <ClInclude Include="..\..\..\src\Algorithm\IpLimMemQuasiNewtonUpdater.hpp">
      <Filter>Source Files\Algorithm</Filter>
    </ClInclude>
    <ClInclude Include="..\..\..\src\Algorithm\IpLowRankAugSystemSolver.hpp">
      <Filter>Source Files\Algorithm</Filter>
    </ClInclude>
    <ClInclude Include="..\..\..\src\LinAlg\IpDenseGenMatrix.hpp">
      <Filter>Source Files\LinAlg</Filter>
    </ClInclude>
    <ClInclude Include="..\..\..\src\LinAlg\IpDenseSymMatrix.hpp">
      <Filter>Source Files\LinAlg</Filter>
    </ClInclude>
    <ClInclude Include="..\..\..\src\LinAlg\IpLapack.hpp">
      <Filter>Source Files\LinAlg</Filter>
    </ClInclude>
    <ClInclude Include="..\..\..\src\LinAlg\IpLowRankUpdateSymMatrix.hpp">
      <Filter>Source Files\LinAlg</Filter>
    </ClInclude>
    <ClInclude Include="..\..\..\src\LinAlg\IpMultiVectorMatrix.hpp">
      <Filter>Source Files\LinAlg</Filter>
    </ClInclude>
  </ItemGroup>
</Project>