<?xml version="1.0" encoding="utf-8"?>
<Project ToolsVersion="4.0" xmlns="http://schemas.microsoft.com/developer/msbuild/2003">
  <ItemGroup>
    <Filter Include="Source Files">
      <UniqueIdentifier>{4FC737F1-C7A5-4376-A066-2A32D752A2FF}</UniqueIdentifier>
      <Extensions>cpp;c;cxx;def;odl;idl;hpj;bat;asm;asmx</Extensions>
    </Filter>
    <Filter Include="Header Files">
      <UniqueIdentifier>{93995380-89BD-4b04-88EB-625FBE52EBFB}</UniqueIdentifier>
      <Extensions>h;hpp;hxx;hm;inl;inc;xsd</Extensions>
    </Filter>
  </ItemGroup>
  <ItemGroup>
    <ClCompile Include="dgetf2.c">
      <Filter>Source Files</Filter>
    </ClCompile>
    <ClCompile Include="dgetrf.c">
      <Filter>Source Files</Filter>
    </ClCompile>
    <ClCompile Include="dgetrs.c">
      <Filter>Source Files</Filter>
    </ClCompile>
    <ClCompile Include="dlae2.c">
      <Filter>Source Files</Filter>
    </ClCompile>
    <ClCompile Include="dlaev2.c">
      <Filter>Source Files</Filter>
    </ClCompile>
    <ClCompile Include="dlamch.c">
      <Filter>Source Files</Filter>
    </ClCompile>
    <ClCompile Include="dlanst.c">
      <Filter>Source Files</Filter>
    </ClCompile>
    <ClCompile Include="dlansy.c">
      <Filter>Source Files</Filter>
    </ClCompile>
    <ClCompile Include="dlapy2.c">
      <Filter>Source Files</Filter>
    </ClCompile>
    <ClCompile Include="dlarf.c">
      <Filter>Source Files</Filter>
    </ClCompile>
    <ClCompile Include="dlarfb.c">
      <Filter>Source Files</Filter>
    </ClCompile>
    <ClCompile Include="dlarfg.c">
      <Filter>Source Files</Filter>
    </ClCompile>
    <ClCompile Include="dlarft.c">
      <Filter>Source Files</Filter>
    </ClCompile>
    <ClCompile Include="dlartg.c">
      <Filter>Source Files</Filter>
    </ClCompile>
    <ClCompile Include="dlascl.c">
      <Filter>Source Files</Filter>
    </ClCompile>
    <ClCompile Include="dlaset.c">
      <Filter>Source Files</Filter>
    </ClCompile>
    <ClCompile Include="dlasr.c">
      <Filter>Source Files</Filter>
    </ClCompile>
    <ClCompile Include="dlasrt.c">
      <Filter>Source Files</Filter>
    </ClCompile>
    <ClCompile Include="dlassq.c">
      <Filter>Source Files</Filter>
    </ClCompile>
    <ClCompile Include="dlaswp.c">
      <Filter>Source Files</Filter>
    </ClCompile>
    <ClCompile Include="dlatrd.c">
      <Filter>Source Files</Filter>
    </ClCompile>
    <ClCompile Include="dorg2l.c">
      <Filter>Source Files</Filter>
    </ClCompile>
    <ClCompile Include="dorg2r.c">
      <Filter>Source Files</Filter>
    </ClCompile>
    <ClCompile Include="dorgql.c">
      <Filter>Source Files</Filter>
    </ClCompile>
    <ClCompile Include="dorgqr.c">
      <Filter>Source Files</Filter>
    </ClCompile>
    <ClCompile Include="dorgtr.c">
      <Filter>Source Files</Filter>
    </ClCompile>
    <ClCompile Include="dpotf2.c">
      <Filter>Source Files</Filter>
    </ClCompile>
    <ClCompile Include="dpotrf.c">
      <Filter>Source Files</Filter>
    </ClCompile>
    <ClCompile Include="dpotrs.c">
      <Filter>Source Files</Filter>
    </ClCompile>
    <ClCompile Include="dsteqr.c">
      <Filter>Source Files</Filter>
    </ClCompile>
    <ClCompile Include="dsterf.c">
      <Filter>Source Files</Filter>
    </ClCompile>
    <ClCompile Include="dsyev.c">
      <Filter>Source Files</Filter>
    </ClCompile>
    <ClCompile Include="dsytd2.c">
      <Filter>Source Files</Filter>
    </ClCompile>
    <ClCompile Include="dsytrd.c">
      <Filter>Source Files</Filter>
    </ClCompile>
    <ClCompile Include="ieeeck.c">
      <Filter>Source Files</Filter>
    </ClCompile>
    <ClCompile Include="ilaenv.c">
      <Filter>Source Files</Filter>
    </ClCompile>
    <ClCompile Include="iparmq.c">
      <Filter>Source Files</Filter>
    </ClCompile>
  </ItemGroup>
</Project>